
Microsoft Visual Studio Solution File, Format Version 12.00
# Visual Studio Version 17
VisualStudioVersion = 17.2.32602.215
MinimumVisualStudioVersion = 10.0.40219.1
Project("{FAE04EC0-301F-11D3-BF4B-00C04F79EFBC}") = "Course", "Course\Course.csproj", "{5FF05282-E180-45D1-85A2-F8855671A332}"
EndProject
Global
	GlobalSection(SolutionConfigurationPlatforms) = preSolution
		Debug|Any CPU = Debug|Any CPU
		Release|Any CPU = Release|Any CPU
	EndGlobalSection
	GlobalSection(ProjectConfigurationPlatforms) = postSolution
		{5FF05282-E180-45D1-85A2-F8855671A332}.Debug|Any CPU.ActiveCfg = Debug|Any CPU
		{5FF05282-E180-45D1-85A2-F8855671A332}.Debug|Any CPU.Build.0 = Debug|Any CPU
		{5FF05282-E180-45D1-85A2-F8855671A332}.Release|Any CPU.ActiveCfg = Release|Any CPU
		{5FF05282-E180-45D1-85A2-F8855671A332}.Release|Any CPU.Build.0 = Release|Any CPU
	EndGlobalSection
	GlobalSection(SolutionProperties) = preSolution
		HideSolutionNode = FALSE
	EndGlobalSection
	GlobalSection(ExtensibilityGlobals) = postSolution
		SolutionGuid = {717C759E-8753-4DC1-AE50-083CD0A7E8F8}
	EndGlobalSection
EndGlobal
